{
  "name": "YC_CallMyAgent",
  "lockfileVersion": 3,
  "requires": true,
  "packages": {
    "": {
      "dependencies": {
        "supermemory": "^4.21.1"
      }
    },
    "node_modules/supermemory": {
      "version": "4.21.1",
      "resolved": "https://registry.npmjs.org/supermemory/-/supermemory-4.21.1.tgz",
      "integrity": "sha512-KayOHtD94g7O+yN2qxaHEO5UIXtDl+duaKuhW7gvaraVtP1RHxFn80Pb5s5rKmqIvC+ruaARRlgMw7s/y+6LGQ==",
      "license": "Apache-2.0",
      "bin": {
        "supermemory": "bin/cli"
      }
    }
  }
}
